
Microsoft Visual Studio Solution File, Format Version 12.00
# Visual Studio 2013
VisualStudioVersion = 12.0.21005.1
MinimumVisualStudioVersion = 10.0.40219.1
Project("{FAE04EC0-301F-11D3-BF4B-00C04F79EFBC}") = "Modelo", "Modelo\Modelo.csproj", "{152DEDEC-63E9-42D9-B875-43DFFBCF4C59}"
EndProject
Project("{FAE04EC0-301F-11D3-BF4B-00C04F79EFBC}") = "Vista", "Vista\Vista.csproj", "{7611DE59-795E-46CA-835F-E3097CDB9B8C}"
EndProject
Project("{FAE04EC0-301F-11D3-BF4B-00C04F79EFBC}") = "Controlador", "Controlador\Controlador.csproj", "{47D54A45-3B6F-46FA-AE69-B386D4C54FC4}"
EndProject
Global
	GlobalSection(SolutionConfigurationPlatforms) = preSolution
		Debug|Any CPU = Debug|Any CPU
		Release|Any CPU = Release|Any CPU
	EndGlobalSection
	GlobalSection(ProjectConfigurationPlatforms) = postSolution
		{152DEDEC-63E9-42D9-B875-43DFFBCF4C59}.Debug|Any CPU.ActiveCfg = Debug|Any CPU
		{152DEDEC-63E9-42D9-B875-43DFFBCF4C59}.Debug|Any CPU.Build.0 = Debug|Any CPU
		{152DEDEC-63E9-42D9-B875-43DFFBCF4C59}.Release|Any CPU.ActiveCfg = Release|Any CPU
		{152DEDEC-63E9-42D9-B875-43DFFBCF4C59}.Release|Any CPU.Build.0 = Release|Any CPU
		{7611DE59-795E-46CA-835F-E3097CDB9B8C}.Debug|Any CPU.ActiveCfg = Debug|Any CPU
		{7611DE59-795E-46CA-835F-E3097CDB9B8C}.Debug|Any CPU.Build.0 = Debug|Any CPU
		{7611DE59-795E-46CA-835F-E3097CDB9B8C}.Release|Any CPU.ActiveCfg = Release|Any CPU
		{7611DE59-795E-46CA-835F-E3097CDB9B8C}.Release|Any CPU.Build.0 = Release|Any CPU
		{47D54A45-3B6F-46FA-AE69-B386D4C54FC4}.Debug|Any CPU.ActiveCfg = Debug|Any CPU
		{47D54A45-3B6F-46FA-AE69-B386D4C54FC4}.Debug|Any CPU.Build.0 = Debug|Any CPU
		{47D54A45-3B6F-46FA-AE69-B386D4C54FC4}.Release|Any CPU.ActiveCfg = Release|Any CPU
		{47D54A45-3B6F-46FA-AE69-B386D4C54FC4}.Release|Any CPU.Build.0 = Release|Any CPU
	EndGlobalSection
	GlobalSection(SolutionProperties) = preSolution
		HideSolutionNode = FALSE
	EndGlobalSection
EndGlobal
