
Microsoft Visual Studio Solution File, Format Version 12.00
# Visual Studio 14
VisualStudioVersion = 14.0.25420.1
MinimumVisualStudioVersion = 10.0.40219.1
Project("{FAE04EC0-301F-11D3-BF4B-00C04F79EFBC}") = "AppTest", "AppTest\AppTest.csproj", "{9F405932-0E19-49C6-AB4A-7ACB27FBEAC5}"
EndProject
Project("{FAE04EC0-301F-11D3-BF4B-00C04F79EFBC}") = "AppTest.Tests", "AppTest.Tests\AppTest.Tests.csproj", "{51BA3819-64B6-4D13-8788-13EE437824CE}"
EndProject
Global
	GlobalSection(SolutionConfigurationPlatforms) = preSolution
		Debug|Any CPU = Debug|Any CPU
		Release|Any CPU = Release|Any CPU
	EndGlobalSection
	GlobalSection(ProjectConfigurationPlatforms) = postSolution
		{9F405932-0E19-49C6-AB4A-7ACB27FBEAC5}.Debug|Any CPU.ActiveCfg = Debug|Any CPU
		{9F405932-0E19-49C6-AB4A-7ACB27FBEAC5}.Debug|Any CPU.Build.0 = Debug|Any CPU
		{9F405932-0E19-49C6-AB4A-7ACB27FBEAC5}.Release|Any CPU.ActiveCfg = Release|Any CPU
		{9F405932-0E19-49C6-AB4A-7ACB27FBEAC5}.Release|Any CPU.Build.0 = Release|Any CPU
		{51BA3819-64B6-4D13-8788-13EE437824CE}.Debug|Any CPU.ActiveCfg = Debug|Any CPU
		{51BA3819-64B6-4D13-8788-13EE437824CE}.Debug|Any CPU.Build.0 = Debug|Any CPU
		{51BA3819-64B6-4D13-8788-13EE437824CE}.Release|Any CPU.ActiveCfg = Release|Any CPU
		{51BA3819-64B6-4D13-8788-13EE437824CE}.Release|Any CPU.Build.0 = Release|Any CPU
	EndGlobalSection
	GlobalSection(SolutionProperties) = preSolution
		HideSolutionNode = FALSE
	EndGlobalSection
EndGlobal
